{
  "name": "flora-natura-mobile",
  "version": "0.1.0",
  "lockfileVersion": 1,
  "requires": true,
  "dependencies": {
    "react-native-communications": {
      "version": "2.2.1",
      "resolved": "https://registry.npmjs.org/react-native-communications/-/react-native-communications-2.2.1.tgz",
      "integrity": "sha1-eIO1ayCgAu63kMET+GFuqGksp5U="
    }
  }
}
